
Microsoft Visual Studio Solution File, Format Version 12.00
# Visual Studio Version 16
VisualStudioVersion = 16.0.29905.134
MinimumVisualStudioVersion = 10.0.40219.1
Project("{9A19103F-16F7-4668-BE54-9A1E7A4F7556}") = "RNN", "RNN\RNN.csproj", "{F5D5634B-BF50-49C0-90AE-95F7FE5A51C0}"
EndProject
Global
	GlobalSection(SolutionConfigurationPlatforms) = preSolution
		Debug|Any CPU = Debug|Any CPU
		Release|Any CPU = Release|Any CPU
	EndGlobalSection
	GlobalSection(ProjectConfigurationPlatforms) = postSolution
		{F5D5634B-BF50-49C0-90AE-95F7FE5A51C0}.Debug|Any CPU.ActiveCfg = Debug|Any CPU
		{F5D5634B-BF50-49C0-90AE-95F7FE5A51C0}.Debug|Any CPU.Build.0 = Debug|Any CPU
		{F5D5634B-BF50-49C0-90AE-95F7FE5A51C0}.Release|Any CPU.ActiveCfg = Release|Any CPU
		{F5D5634B-BF50-49C0-90AE-95F7FE5A51C0}.Release|Any CPU.Build.0 = Release|Any CPU
	EndGlobalSection
	GlobalSection(SolutionProperties) = preSolution
		HideSolutionNode = FALSE
	EndGlobalSection
	GlobalSection(ExtensibilityGlobals) = postSolution
		LessCompiler = f5d5634b-bf50-49c0-90ae-95f7fe5a51c0
		SolutionGuid = {F80F5668-1534-40C9-A12D-630D7878FB71}
	EndGlobalSection
EndGlobal
